// !$*UTF8*$!
{
	archiveVersion = 1;
	classes = {
	};
	objectVersion = 46;
	objects = {

/* Begin PBXBuildFile section */
		9E712530185EE3E10005B45F /* Default-568h@2x.png in Resources */ = {isa = PBXBuildFile; fileRef = 9E71252A185EE3E10005B45F /* Default-568h@2x.png */; };
		9E712531185EE3E10005B45F /* Default.png in Resources */ = {isa = PBXBuildFile; fileRef = 9E71252B185EE3E10005B45F /* Default.png */; };
		9E712532185EE3E10005B45F /* Default@2x.png in Resources */ = {isa = PBXBuildFile; fileRef = 9E71252C185EE3E10005B45F /* Default@2x.png */; };
		9E712533185EE3E10005B45F /* main.m in Sources */ = {isa = PBXBuildFile; fileRef = 9E71252D185EE3E10005B45F /* main.m */; };
		9E712534185EE3E10005B45F /* PangDaCar-Info.plist in Resources */ = {isa = PBXBuildFile; fileRef = 9E71252E185EE3E10005B45F /* PangDaCar-Info.plist */; };
		9E712539185EE3ED0005B45F /* AppDelegate.m in Sources */ = {isa = PBXBuildFile; fileRef = 9E712536185EE3ED0005B45F /* AppDelegate.m */; };
		9E71253A185EE3ED0005B45F /* HomeViewController.m in Sources */ = {isa = PBXBuildFile; fileRef = 9E712538185EE3ED0005B45F /* HomeViewController.m */; };
		F14D3E78185C5A7D001DE0B4 /* UIKit.framework in Frameworks */ = {isa = PBXBuildFile; fileRef = F14D3E77185C5A7D001DE0B4 /* UIKit.framework */; };
		F14D3E7A185C5A7D001DE0B4 /* Foundation.framework in Frameworks */ = {isa = PBXBuildFile; fileRef = F14D3E79185C5A7D001DE0B4 /* Foundation.framework */; };
		F14D3E7C185C5A7D001DE0B4 /* CoreGraphics.framework in Frameworks */ = {isa = PBXBuildFile; fileRef = F14D3E7B185C5A7D001DE0B4 /* CoreGraphics.framework */; };
/* End PBXBuildFile section */

/* Begin PBXFileReference section */
		9E71252A185EE3E10005B45F /* Default-568h@2x.png */ = {isa = PBXFileReference; lastKnownFileType = image.png; name = "Default-568h@2x.png"; path = "PangDaCar 下午3.23.27/Default-568h@2x.png"; sourceTree = SOURCE_ROOT; };
		9E71252B185EE3E10005B45F /* Default.png */ = {isa = PBXFileReference; lastKnownFileType = image.png; name = Default.png; path = "PangDaCar 下午3.23.27/Default.png"; sourceTree = SOURCE_ROOT; };
		9E71252C185EE3E10005B45F /* Default@2x.png */ = {isa = PBXFileReference; lastKnownFileType = image.png; name = "Default@2x.png"; path = "PangDaCar 下午3.23.27/Default@2x.png"; sourceTree = SOURCE_ROOT; };
		9E71252D185EE3E10005B45F /* main.m */ = {isa = PBXFileReference; fileEncoding = 4; lastKnownFileType = sourcecode.c.objc; name = main.m; path = "PangDaCar 下午3.23.27/main.m"; sourceTree = SOURCE_ROOT; };
		9E71252E185EE3E10005B45F /* PangDaCar-Info.plist */ = {isa = PBXFileReference; fileEncoding = 4; lastKnownFileType = text.plist.xml; name = "PangDaCar-Info.plist"; path = "PangDaCar 下午3.23.27/PangDaCar-Info.plist"; sourceTree = SOURCE_ROOT; };
		9E71252F185EE3E10005B45F /* PangDaCar-Prefix.pch */ = {isa = PBXFileReference; fileEncoding = 4; lastKnownFileType = sourcecode.c.h; name = "PangDaCar-Prefix.pch"; path = "PangDaCar 下午3.23.27/PangDaCar-Prefix.pch"; sourceTree = SOURCE_ROOT; };
		9E712535185EE3ED0005B45F /* AppDelegate.h */ = {isa = PBXFileReference; fileEncoding = 4; lastKnownFileType = sourcecode.c.h; name = AppDelegate.h; path = "PangDaCar 下午3.23.27/AppDelegate.h"; sourceTree = SOURCE_ROOT; };
		9E712536185EE3ED0005B45F /* AppDelegate.m */ = {isa = PBXFileReference; fileEncoding = 4; lastKnownFileType = sourcecode.c.objc; name = AppDelegate.m; path = "PangDaCar 下午3.23.27/AppDelegate.m"; sourceTree = SOURCE_ROOT; };
		9E712537185EE3ED0005B45F /* HomeViewController.h */ = {isa = PBXFileReference; fileEncoding = 4; lastKnownFileType = sourcecode.c.h; name = HomeViewController.h; path = "PangDaCar 下午3.23.27/HomeViewController.h"; sourceTree = SOURCE_ROOT; };
		9E712538185EE3ED0005B45F /* HomeViewController.m */ = {isa = PBXFileReference; fileEncoding = 4; lastKnownFileType = sourcecode.c.objc; name = HomeViewController.m; path = "PangDaCar 下午3.23.27/HomeViewController.m"; sourceTree = SOURCE_ROOT; };
		F14D3E74185C5A7D001DE0B4 /* PangDaCar.app */ = {isa = PBXFileReference; explicitFileType = wrapper.application; includeInIndex = 0; path = PangDaCar.app; sourceTree = BUILT_PRODUCTS_DIR; };
		F14D3E77185C5A7D001DE0B4 /* UIKit.framework */ = {isa = PBXFileReference; lastKnownFileType = wrapper.framework; name = UIKit.framework; path = System/Library/Frameworks/UIKit.framework; sourceTree = SDKROOT; };
		F14D3E79185C5A7D001DE0B4 /* Foundation.framework */ = {isa = PBXFileReference; lastKnownFileType = wrapper.framework; name = Foundation.framework; path = System/Library/Frameworks/Foundation.framework; sourceTree = SDKROOT; };
		F14D3E7B185C5A7D001DE0B4 /* CoreGraphics.framework */ = {isa = PBXFileReference; lastKnownFileType = wrapper.framework; name = CoreGraphics.framework; path = System/Library/Frameworks/CoreGraphics.framework; sourceTree = SDKROOT; };
/* End PBXFileReference section */

/* Begin PBXFrameworksBuildPhase section */
		F14D3E71185C5A7D001DE0B4 /* Frameworks */ = {
			isa = PBXFrameworksBuildPhase;
			buildActionMask = 2147483647;
			files = (
				F14D3E78185C5A7D001DE0B4 /* UIKit.framework in Frameworks */,
				F14D3E7A185C5A7D001DE0B4 /* Foundation.framework in Frameworks */,
				F14D3E7C185C5A7D001DE0B4 /* CoreGraphics.framework in Frameworks */,
			);
			runOnlyForDeploymentPostprocessing = 0;
		};
/* End PBXFrameworksBuildPhase section */

/* Begin PBXGroup section */
		F14D3E6B185C5A7D001DE0B4 = {
			isa = PBXGroup;
			children = (
				F14D3E7D185C5A7D001DE0B4 /* PangDaCar */,
				F14D3E76185C5A7D001DE0B4 /* Frameworks */,
				F14D3E75185C5A7D001DE0B4 /* Products */,
			);
			sourceTree = "<group>";
		};
		F14D3E75185C5A7D001DE0B4 /* Products */ = {
			isa = PBXGroup;
			children = (
				F14D3E74185C5A7D001DE0B4 /* PangDaCar.app */,
			);
			name = Products;
			sourceTree = "<group>";
		};
		F14D3E76185C5A7D001DE0B4 /* Frameworks */ = {
			isa = PBXGroup;
			children = (
				F14D3E77185C5A7D001DE0B4 /* UIKit.framework */,
				F14D3E79185C5A7D001DE0B4 /* Foundation.framework */,
				F14D3E7B185C5A7D001DE0B4 /* CoreGraphics.framework */,
			);
			name = Frameworks;
			sourceTree = "<group>";
		};
		F14D3E7D185C5A7D001DE0B4 /* PangDaCar */ = {
			isa = PBXGroup;
			children = (
				9E712535185EE3ED0005B45F /* AppDelegate.h */,
				9E712536185EE3ED0005B45F /* AppDelegate.m */,
				9E712537185EE3ED0005B45F /* HomeViewController.h */,
				9E712538185EE3ED0005B45F /* HomeViewController.m */,
				F14D3E7E185C5A7D001DE0B4 /* Supporting Files */,
			);
			path = PangDaCar;
			sourceTree = "<group>";
		};
		F14D3E7E185C5A7D001DE0B4 /* Supporting Files */ = {
			isa = PBXGroup;
			children = (
				9E71252A185EE3E10005B45F /* Default-568h@2x.png */,
				9E71252B185EE3E10005B45F /* Default.png */,
				9E71252C185EE3E10005B45F /* Default@2x.png */,
				9E71252D185EE3E10005B45F /* main.m */,
				9E71252E185EE3E10005B45F /* PangDaCar-Info.plist */,
				9E71252F185EE3E10005B45F /* PangDaCar-Prefix.pch */,
			);
			name = "Supporting Files";
			sourceTree = "<group>";
		};
/* End PBXGroup section */

/* Begin PBXNativeTarget section */
		F14D3E73185C5A7D001DE0B4 /* PangDaCar */ = {
			isa = PBXNativeTarget;
			buildConfigurationList = F14D3E97185C5A7E001DE0B4 /* Build configuration list for PBXNativeTarget "PangDaCar" */;
			buildPhases = (
				F14D3E70185C5A7D001DE0B4 /* Sources */,
				F14D3E71185C5A7D001DE0B4 /* Frameworks */,
				F14D3E72185C5A7D001DE0B4 /* Resources */,
			);
			buildRules = (
			);
			dependencies = (
			);
			name = PangDaCar;
			productName = PangDaCar;
			productReference = F14D3E74185C5A7D001DE0B4 /* PangDaCar.app */;
			productType = "com.apple.product-type.application";
		};
/* End PBXNativeTarget section */

/* Begin PBXProject section */
		F14D3E6C185C5A7D001DE0B4 /* Project object */ = {
			isa = PBXProject;
			attributes = {
				LastUpgradeCheck = 0460;
				ORGANIZATIONNAME = ysw;
			};
			buildConfigurationList = F14D3E6F185C5A7D001DE0B4 /* Build configuration list for PBXProject "PangDaCar 下午3.23.27" */;
			compatibilityVersion = "Xcode 3.2";
			developmentRegion = English;
			hasScannedForEncodings = 0;
			knownRegions = (
				en,
			);
			mainGroup = F14D3E6B185C5A7D001DE0B4;
			productRefGroup = F14D3E75185C5A7D001DE0B4 /* Products */;
			projectDirPath = "";
			projectRoot = "";
			targets = (
				F14D3E73185C5A7D001DE0B4 /* PangDaCar */,
			);
		};
/* End PBXProject section */

/* Begin PBXResourcesBuildPhase section */
		F14D3E72185C5A7D001DE0B4 /* Resources */ = {
			isa = PBXResourcesBuildPhase;
			buildActionMask = 2147483647;
			files = (
				9E712534185EE3E10005B45F /* PangDaCar-Info.plist in Resources */,
				9E712532185EE3E10005B45F /* Default@2x.png in Resources */,
				9E712530185EE3E10005B45F /* Default-568h@2x.png in Resources */,
				9E712531185EE3E10005B45F /* Default.png in Resources */,
			);
			runOnlyForDeploymentPostprocessing = 0;
		};
/* End PBXResourcesBuildPhase section */

/* Begin PBXSourcesBuildPhase section */
		F14D3E70185C5A7D001DE0B4 /* Sources */ = {
			isa = PBXSourcesBuildPhase;
			buildActionMask = 2147483647;
			files = (
				9E712539185EE3ED0005B45F /* AppDelegate.m in Sources */,
				9E712533185EE3E10005B45F /* main.m in Sources */,
				9E71253A185EE3ED0005B45F /* HomeViewController.m in Sources */,
			);
			runOnlyForDeploymentPostprocessing = 0;
		};
/* End PBXSourcesBuildPhase section */

/* Begin XCBuildConfiguration section */
		F14D3E95185C5A7E001DE0B4 /* Debug */ = {
			isa = XCBuildConfiguration;
			buildSettings = {
				ALWAYS_SEARCH_USER_PATHS = NO;
				CLANG_CXX_LANGUAGE_STANDARD = "gnu++0x";
				CLANG_CXX_LIBRARY = "libc++";
				CLANG_WARN_CONSTANT_CONVERSION = YES;
				CLANG_WARN_EMPTY_BODY = YES;
				CLANG_WARN_ENUM_CONVERSION = YES;
				CLANG_WARN_INT_CONVERSION = YES;
				CLANG_WARN__DUPLICATE_METHOD_MATCH = YES;
				"CODE_SIGN_IDENTITY[sdk=iphoneos*]" = "iPhone Developer";
				COPY_PHASE_STRIP = NO;
				GCC_C_LANGUAGE_STANDARD = gnu99;
				GCC_DYNAMIC_NO_PIC = NO;
				GCC_OPTIMIZATION_LEVEL = 0;
				GCC_PREPROCESSOR_DEFINITIONS = (
					"DEBUG=1",
					"$(inherited)",
				);
				GCC_SYMBOLS_PRIVATE_EXTERN = NO;
				GCC_WARN_ABOUT_RETURN_TYPE = YES;
				GCC_WARN_UNINITIALIZED_AUTOS = YES;
				GCC_WARN_UNUSED_VARIABLE = YES;
				IPHONEOS_DEPLOYMENT_TARGET = 6.1;
				ONLY_ACTIVE_ARCH = YES;
				SDKROOT = iphoneos;
			};
			name = Debug;
		};
		F14D3E96185C5A7E001DE0B4 /* Release */ = {
			isa = XCBuildConfiguration;
			buildSettings = {
				ALWAYS_SEARCH_USER_PATHS = NO;
				CLANG_CXX_LANGUAGE_STANDARD = "gnu++0x";
				CLANG_CXX_LIBRARY = "libc++";
				CLANG_WARN_CONSTANT_CONVERSION = YES;
				CLANG_WARN_EMPTY_BODY = YES;
				CLANG_WARN_ENUM_CONVERSION = YES;
				CLANG_WARN_INT_CONVERSION = YES;
				CLANG_WARN__DUPLICATE_METHOD_MATCH = YES;
				"CODE_SIGN_IDENTITY[sdk=iphoneos*]" = "iPhone Developer";
				COPY_PHASE_STRIP = YES;
				GCC_C_LANGUAGE_STANDARD = gnu99;
				GCC_WARN_ABOUT_RETURN_TYPE = YES;
				GCC_WARN_UNINITIALIZED_AUTOS = YES;
				GCC_WARN_UNUSED_VARIABLE = YES;
				IPHONEOS_DEPLOYMENT_TARGET = 6.1;
				OTHER_CFLAGS = "-DNS_BLOCK_ASSERTIONS=1";
				SDKROOT = iphoneos;
				VALIDATE_PRODUCT = YES;
			};
			name = Release;
		};
		F14D3E98185C5A7E001DE0B4 /* Debug */ = {
			isa = XCBuildConfiguration;
			buildSettings = {
				GCC_PRECOMPILE_PREFIX_HEADER = YES;
				GCC_PREFIX_HEADER = "PangDaCar/PangDaCar-Prefix.pch";
				INFOPLIST_FILE = "PangDaCar/PangDaCar-Info.plist";
				PRODUCT_NAME = "$(TARGET_NAME)";
				WRAPPER_EXTENSION = app;
			};
			name = Debug;
		};
		F14D3E99185C5A7E001DE0B4 /* Release */ = {
			isa = XCBuildConfiguration;
			buildSettings = {
				GCC_PRECOMPILE_PREFIX_HEADER = YES;
				GCC_PREFIX_HEADER = "PangDaCar/PangDaCar-Prefix.pch";
				INFOPLIST_FILE = "PangDaCar/PangDaCar-Info.plist";
				PRODUCT_NAME = "$(TARGET_NAME)";
				WRAPPER_EXTENSION = app;
			};
			name = Release;
		};
/* End XCBuildConfiguration section */

/* Begin XCConfigurationList section */
		F14D3E6F185C5A7D001DE0B4 /* Build configuration list for PBXProject "PangDaCar 下午3.23.27" */ = {
			isa = XCConfigurationList;
			buildConfigurations = (
				F14D3E95185C5A7E001DE0B4 /* Debug */,
				F14D3E96185C5A7E001DE0B4 /* Release */,
			);
			defaultConfigurationIsVisible = 0;
			defaultConfigurationName = Release;
		};
		F14D3E97185C5A7E001DE0B4 /* Build configuration list for PBXNativeTarget "PangDaCar" */ = {
			isa = XCConfigurationList;
			buildConfigurations = (
				F14D3E98185C5A7E001DE0B4 /* Debug */,
				F14D3E99185C5A7E001DE0B4 /* Release */,
			);
			defaultConfigurationIsVisible = 0;
			defaultConfigurationName = Release;
		};
/* End XCConfigurationList section */
	};
	rootObject = F14D3E6C185C5A7D001DE0B4 /* Project object */;
}
